
Microsoft Visual Studio Solution File, Format Version 12.00
# Visual Studio Version 17
VisualStudioVersion = 17.11.35327.3
MinimumVisualStudioVersion = 10.0.40219.1
Project("{FAE04EC0-301F-11D3-BF4B-00C04F79EFBC}") = "FirstProgram", "FirstProgram.csproj", "{5DC7D700-F672-411C-A61F-9CCA6BB14391}"
EndProject
Global
	GlobalSection(SolutionConfigurationPlatforms) = preSolution
		Debug|Any CPU = Debug|Any CPU
		Release|Any CPU = Release|Any CPU
	EndGlobalSection
	GlobalSection(ProjectConfigurationPlatforms) = postSolution
		{5DC7D700-F672-411C-A61F-9CCA6BB14391}.Debug|Any CPU.ActiveCfg = Debug|Any CPU
		{5DC7D700-F672-411C-A61F-9CCA6BB14391}.Debug|Any CPU.Build.0 = Debug|Any CPU
		{5DC7D700-F672-411C-A61F-9CCA6BB14391}.Release|Any CPU.ActiveCfg = Release|Any CPU
		{5DC7D700-F672-411C-A61F-9CCA6BB14391}.Release|Any CPU.Build.0 = Release|Any CPU
	EndGlobalSection
	GlobalSection(SolutionProperties) = preSolution
		HideSolutionNode = FALSE
	EndGlobalSection
	GlobalSection(ExtensibilityGlobals) = postSolution
		SolutionGuid = {96FA426D-1111-4B88-A188-CAC1F6F8C288}
	EndGlobalSection
EndGlobal
